
Microsoft Visual Studio Solution File, Format Version 12.00
# Visual Studio 2012
Project("{FAE04EC0-301F-11D3-BF4B-00C04F79EFBC}") = "API", "c-sharp-learning\API.csproj", "{C9FA793C-AA1D-435B-BCFC-A49DFB48F19C}"
EndProject
Project("{FAE04EC0-301F-11D3-BF4B-00C04F79EFBC}") = "Application", "Application\Application.csproj", "{B3D0A49F-CDB0-4F2B-80AC-9D03919E0F52}"
EndProject
Project("{FAE04EC0-301F-11D3-BF4B-00C04F79EFBC}") = "TestProject", "TestProject\TestProject.csproj", "{AC5CA0F5-28D8-4C90-884A-B5B209B2D0E8}"
EndProject
Global
	GlobalSection(SolutionConfigurationPlatforms) = preSolution
		Debug|Any CPU = Debug|Any CPU
		Release|Any CPU = Release|Any CPU
	EndGlobalSection
	GlobalSection(ProjectConfigurationPlatforms) = postSolution
		{C9FA793C-AA1D-435B-BCFC-A49DFB48F19C}.Debug|Any CPU.ActiveCfg = Debug|Any CPU
		{C9FA793C-AA1D-435B-BCFC-A49DFB48F19C}.Debug|Any CPU.Build.0 = Debug|Any CPU
		{C9FA793C-AA1D-435B-BCFC-A49DFB48F19C}.Release|Any CPU.ActiveCfg = Release|Any CPU
		{C9FA793C-AA1D-435B-BCFC-A49DFB48F19C}.Release|Any CPU.Build.0 = Release|Any CPU
		{B3D0A49F-CDB0-4F2B-80AC-9D03919E0F52}.Debug|Any CPU.ActiveCfg = Debug|Any CPU
		{B3D0A49F-CDB0-4F2B-80AC-9D03919E0F52}.Debug|Any CPU.Build.0 = Debug|Any CPU
		{B3D0A49F-CDB0-4F2B-80AC-9D03919E0F52}.Release|Any CPU.ActiveCfg = Release|Any CPU
		{B3D0A49F-CDB0-4F2B-80AC-9D03919E0F52}.Release|Any CPU.Build.0 = Release|Any CPU
		{AC5CA0F5-28D8-4C90-884A-B5B209B2D0E8}.Debug|Any CPU.ActiveCfg = Debug|Any CPU
		{AC5CA0F5-28D8-4C90-884A-B5B209B2D0E8}.Debug|Any CPU.Build.0 = Debug|Any CPU
		{AC5CA0F5-28D8-4C90-884A-B5B209B2D0E8}.Release|Any CPU.ActiveCfg = Release|Any CPU
		{AC5CA0F5-28D8-4C90-884A-B5B209B2D0E8}.Release|Any CPU.Build.0 = Release|Any CPU
	EndGlobalSection
EndGlobal
